<?xml version="1.0" encoding="utf-8"?>
<Project ToolsVersion="4.0" xmlns="http://schemas.microsoft.com/developer/msbuild/2003">
  <ItemGroup>
    <Filter Include="EngineLogic">
      <UniqueIdentifier>{801888d0-a440-4462-a199-086e13422be6}</UniqueIdentifier>
    </Filter>
    <Filter Include="EngineLogic\Object">
      <UniqueIdentifier>{eaea970a-f951-43f5-aa6c-8719e3ac02e6}</UniqueIdentifier>
    </Filter>
    <Filter Include="EngineLogic\Actor">
      <UniqueIdentifier>{502b29da-7100-4b22-80d2-b29a8dba768a}</UniqueIdentifier>
    </Filter>
    <Filter Include="EngineLogic\Components">
      <UniqueIdentifier>{b8674dc1-59e1-4f9f-9942-15fcc0a6e6c4}</UniqueIdentifier>
    </Filter>
    <Filter Include="EngineCore">
      <UniqueIdentifier>{fce8a397-31f0-4fc7-9d06-10805920faaf}</UniqueIdentifier>
    </Filter>
    <Filter Include="EngineCore\Windows">
      <UniqueIdentifier>{61369c60-5721-4ae5-9b09-e7907704e9b2}</UniqueIdentifier>
    </Filter>
    <Filter Include="EngineCore\Tools">
      <UniqueIdentifier>{575d55af-f960-4aea-9406-4ef6f7faea84}</UniqueIdentifier>
    </Filter>
    <Filter Include="EngineCore\Geometry">
      <UniqueIdentifier>{552cd8b9-3520-49b1-acc2-3c5c2037ac77}</UniqueIdentifier>
    </Filter>
    <Filter Include="EngineCore\Light">
      <UniqueIdentifier>{1f94b1d9-d770-49d4-9099-e56e389ea845}</UniqueIdentifier>
    </Filter>
    <Filter Include="EngineCore\Material">
      <UniqueIdentifier>{128ebb9b-d3a0-4f60-95fd-28d68fcb53a0}</UniqueIdentifier>
    </Filter>
    <Filter Include="EngineCore\Camera">
      <UniqueIdentifier>{135d0327-bbfa-4790-bf76-5133d20eceb1}</UniqueIdentifier>
    </Filter>
    <Filter Include="EngineCore\InputModule">
      <UniqueIdentifier>{2fc8663f-9762-437c-b74c-f4072391cfcf}</UniqueIdentifier>
    </Filter>
    <Filter Include="EngineCore\ResourceModule">
      <UniqueIdentifier>{1360b114-8172-4fe9-b79d-31f38f6ca72b}</UniqueIdentifier>
    </Filter>
    <Filter Include="EngineCore\Shader">
      <UniqueIdentifier>{6898f6ac-3baa-4364-a12d-b6ddf87c2a82}</UniqueIdentifier>
    </Filter>
  </ItemGroup>
  <ItemGroup>
    <ClInclude Include="Object.h">
      <Filter>EngineLogic\Object</Filter>
    </ClInclude>
    <ClInclude Include="Actor.h">
      <Filter>EngineLogic\Actor</Filter>
    </ClInclude>
    <ClInclude Include="ActorComponent.h">
      <Filter>EngineLogic\Components</Filter>
    </ClInclude>
    <ClInclude Include="SceneComponent.h">
      <Filter>EngineLogic\Components</Filter>
    </ClInclude>
    <ClInclude Include="PrimitiveComponent.h">
      <Filter>EngineLogic\Components</Filter>
    </ClInclude>
    <ClInclude Include="MeshComponent.h">
      <Filter>EngineLogic\Components</Filter>
    </ClInclude>
    <ClInclude Include="World.h">
      <Filter>EngineLogic\Object</Filter>
    </ClInclude>
    <ClInclude Include="D3DApp.h">
      <Filter>EngineCore\Windows</Filter>
    </ClInclude>
    <ClInclude Include="DXTrace.h">
      <Filter>EngineCore\Tools</Filter>
    </ClInclude>
    <ClInclude Include="DXUtil.h">
      <Filter>EngineCore\Tools</Filter>
    </ClInclude>
    <ClInclude Include="GameApp.h">
      <Filter>EngineCore\Windows</Filter>
    </ClInclude>
    <ClInclude Include="BasicShape.h">
      <Filter>EngineCore\Geometry</Filter>
    </ClInclude>
    <ClInclude Include="Geometry.h">
      <Filter>EngineCore\Geometry</Filter>
    </ClInclude>
    <ClInclude Include="VertexTypes.h">
      <Filter>EngineCore\Geometry</Filter>
    </ClInclude>
    <ClInclude Include="LightType.h">
      <Filter>EngineCore\Light</Filter>
    </ClInclude>
    <ClInclude Include="Material.h">
      <Filter>EngineCore\Material</Filter>
    </ClInclude>
    <ClInclude Include="DDSTextureLoader.h">
      <Filter>EngineCore\Tools</Filter>
    </ClInclude>
    <ClInclude Include="WICTextureLoader.h">
      <Filter>EngineCore\Tools</Filter>
    </ClInclude>
    <ClInclude Include="Camera.h">
      <Filter>EngineCore\Camera</Filter>
    </ClInclude>
    <ClInclude Include="InputManager.h">
      <Filter>EngineCore\InputModule</Filter>
    </ClInclude>
    <ClInclude Include="TextureLoader.h">
      <Filter>EngineCore\ResourceModule</Filter>
    </ClInclude>
    <ClInclude Include="StringProcess.h">
      <Filter>EngineCore\Tools</Filter>
    </ClInclude>
    <ClInclude Include="Car.h">
      <Filter>EngineLogic\Actor</Filter>
    </ClInclude>
    <ClInclude Include="PipeLine.h">
      <Filter>EngineCore\Shader</Filter>
    </ClInclude>
    <ClInclude Include="SkyBox.h">
      <Filter>EngineLogic\Actor</Filter>
    </ClInclude>
    <ClInclude Include="SkyBoxComponent.h">
      <Filter>EngineLogic\Components</Filter>
    </ClInclude>
  </ItemGroup>
  <ItemGroup>
    <ClCompile Include="Object.cpp">
      <Filter>EngineLogic\Object</Filter>
    </ClCompile>
    <ClCompile Include="Actor.cpp">
      <Filter>EngineLogic\Actor</Filter>
    </ClCompile>
    <ClCompile Include="ActorComponent.cpp">
      <Filter>EngineLogic\Components</Filter>
    </ClCompile>
    <ClCompile Include="SceneComponent.cpp">
      <Filter>EngineLogic\Components</Filter>
    </ClCompile>
    <ClCompile Include="PrimitiveComponent.cpp">
      <Filter>EngineLogic\Components</Filter>
    </ClCompile>
    <ClCompile Include="MeshComponent.cpp">
      <Filter>EngineLogic\Components</Filter>
    </ClCompile>
    <ClCompile Include="World.cpp">
      <Filter>EngineLogic\Object</Filter>
    </ClCompile>
    <ClCompile Include="Main.cpp" />
    <ClCompile Include="D3DApp.cpp">
      <Filter>EngineCore\Windows</Filter>
    </ClCompile>
    <ClCompile Include="DXTrace.cpp">
      <Filter>EngineCore\Tools</Filter>
    </ClCompile>
    <ClCompile Include="GameApp.cpp">
      <Filter>EngineCore\Windows</Filter>
    </ClCompile>
    <ClCompile Include="BasicShape.cpp">
      <Filter>EngineCore\Geometry</Filter>
    </ClCompile>
    <ClCompile Include="DDSTextureLoader.cpp">
      <Filter>EngineCore\Tools</Filter>
    </ClCompile>
    <ClCompile Include="WICTextureLoader.cpp">
      <Filter>EngineCore\Tools</Filter>
    </ClCompile>
    <ClCompile Include="Camera.cpp">
      <Filter>EngineCore\Camera</Filter>
    </ClCompile>
    <ClCompile Include="InputManager.cpp">
      <Filter>EngineCore\InputModule</Filter>
    </ClCompile>
    <ClCompile Include="DXUtil.cpp">
      <Filter>EngineCore\Tools</Filter>
    </ClCompile>
    <ClCompile Include="TextureLoader.cpp">
      <Filter>EngineCore\ResourceModule</Filter>
    </ClCompile>
    <ClCompile Include="StringProcess.cpp">
      <Filter>EngineCore\Tools</Filter>
    </ClCompile>
    <ClCompile Include="Car.cpp">
      <Filter>EngineLogic\Actor</Filter>
    </ClCompile>
    <ClCompile Include="PipeLine.cpp">
      <Filter>EngineCore\Shader</Filter>
    </ClCompile>
    <ClCompile Include="VertexTypes.cpp">
      <Filter>EngineCore\Geometry</Filter>
    </ClCompile>
    <ClCompile Include="SkyBox.cpp">
      <Filter>EngineLogic\Actor</Filter>
    </ClCompile>
    <ClCompile Include="SkyBoxComponent.cpp">
      <Filter>EngineLogic\Components</Filter>
    </ClCompile>
  </ItemGroup>
  <ItemGroup>
    <FxCompile Include="HLSL\Basic_PS.hlsl">
      <Filter>EngineCore\Shader</Filter>
    </FxCompile>
    <FxCompile Include="HLSL\Basic_VS.hlsl">
      <Filter>EngineCore\Shader</Filter>
    </FxCompile>
    <FxCompile Include="HLSL\Sky_PS.hlsl">
      <Filter>EngineCore\Shader</Filter>
    </FxCompile>
    <FxCompile Include="HLSL\Sky_VS.hlsl">
      <Filter>EngineCore\Shader</Filter>
    </FxCompile>
  </ItemGroup>
  <ItemGroup>
    <None Include="HLSL\Basic.hlsli">
      <Filter>EngineCore\Shader</Filter>
    </None>
    <None Include="HLSL\LightHelper.hlsli">
      <Filter>EngineCore\Shader</Filter>
    </None>
    <None Include="HLSL\Sky.hlsli">
      <Filter>EngineCore\Shader</Filter>
    </None>
  </ItemGroup>
</Project>